
Microsoft Visual Studio Solution File, Format Version 12.00
# Visual Studio Version 17
VisualStudioVersion = 17.14.37012.4 d17.14
MinimumVisualStudioVersion = 10.0.40219.1
Project("{FAE04EC0-301F-11D3-BF4B-00C04F79EFBC}") = "ShopManagementSystem", "ShopManagementSystem\ShopManagementSystem.csproj", "{40AB2952-4B01-4118-822A-0C993C1CA225}"
EndProject
Project("{FAE04EC0-301F-11D3-BF4B-00C04F79EFBC}") = "selenium", "selenium\selenium.csproj", "{9C07127F-EEED-4F34-9949-68ACE6831A7F}"
EndProject
Global
	GlobalSection(SolutionConfigurationPlatforms) = preSolution
		Debug|Any CPU = Debug|Any CPU
		Release|Any CPU = Release|Any CPU
	EndGlobalSection
	GlobalSection(ProjectConfigurationPlatforms) = postSolution
		{40AB2952-4B01-4118-822A-0C993C1CA225}.Debug|Any CPU.ActiveCfg = Debug|Any CPU
		{40AB2952-4B01-4118-822A-0C993C1CA225}.Debug|Any CPU.Build.0 = Debug|Any CPU
		{40AB2952-4B01-4118-822A-0C993C1CA225}.Release|Any CPU.ActiveCfg = Release|Any CPU
		{40AB2952-4B01-4118-822A-0C993C1CA225}.Release|Any CPU.Build.0 = Release|Any CPU
		{9C07127F-EEED-4F34-9949-68ACE6831A7F}.Debug|Any CPU.ActiveCfg = Debug|Any CPU
		{9C07127F-EEED-4F34-9949-68ACE6831A7F}.Debug|Any CPU.Build.0 = Debug|Any CPU
		{9C07127F-EEED-4F34-9949-68ACE6831A7F}.Release|Any CPU.ActiveCfg = Release|Any CPU
		{9C07127F-EEED-4F34-9949-68ACE6831A7F}.Release|Any CPU.Build.0 = Release|Any CPU
	EndGlobalSection
	GlobalSection(SolutionProperties) = preSolution
		HideSolutionNode = FALSE
	EndGlobalSection
	GlobalSection(ExtensibilityGlobals) = postSolution
		SolutionGuid = {838FDFC4-5103-4230-BFC5-7AB17714DB25}
	EndGlobalSection
EndGlobal
